
Microsoft Visual Studio Solution File, Format Version 12.00
# Visual Studio 2012
Project("{FAE04EC0-301F-11D3-BF4B-00C04F79EFBC}") = "edurate.Web", "eLearning.Web\edurate.Web.csproj", "{8FACACC2-60CE-466F-812E-B6678F55B204}"
EndProject
Global
	GlobalSection(SolutionConfigurationPlatforms) = preSolution
		Debug|Any CPU = Debug|Any CPU
		Release|Any CPU = Release|Any CPU
	EndGlobalSection
	GlobalSection(ProjectConfigurationPlatforms) = postSolution
		{8FACACC2-60CE-466F-812E-B6678F55B204}.Debug|Any CPU.ActiveCfg = Debug|Any CPU
		{8FACACC2-60CE-466F-812E-B6678F55B204}.Debug|Any CPU.Build.0 = Debug|Any CPU
		{8FACACC2-60CE-466F-812E-B6678F55B204}.Release|Any CPU.ActiveCfg = Release|Any CPU
		{8FACACC2-60CE-466F-812E-B6678F55B204}.Release|Any CPU.Build.0 = Release|Any CPU
	EndGlobalSection
	GlobalSection(SolutionProperties) = preSolution
		HideSolutionNode = FALSE
	EndGlobalSection
EndGlobal
